
Microsoft Visual Studio Solution File, Format Version 12.00
# Visual Studio Version 17
VisualStudioVersion = 17.6.33829.357
MinimumVisualStudioVersion = 10.0.40219.1
Project("{FAE04EC0-301F-11D3-BF4B-00C04F79EFBC}") = "SchoolEventMvc", "SchoolEventMvc\SchoolEventMvc.csproj", "{6F734A91-EED8-45DA-92EE-AD0CFFDA200B}"
EndProject
Global
	GlobalSection(SolutionConfigurationPlatforms) = preSolution
		Debug|Any CPU = Debug|Any CPU
		Release|Any CPU = Release|Any CPU
	EndGlobalSection
	GlobalSection(ProjectConfigurationPlatforms) = postSolution
		{6F734A91-EED8-45DA-92EE-AD0CFFDA200B}.Debug|Any CPU.ActiveCfg = Debug|Any CPU
		{6F734A91-EED8-45DA-92EE-AD0CFFDA200B}.Debug|Any CPU.Build.0 = Debug|Any CPU
		{6F734A91-EED8-45DA-92EE-AD0CFFDA200B}.Release|Any CPU.ActiveCfg = Release|Any CPU
		{6F734A91-EED8-45DA-92EE-AD0CFFDA200B}.Release|Any CPU.Build.0 = Release|Any CPU
	EndGlobalSection
	GlobalSection(SolutionProperties) = preSolution
		HideSolutionNode = FALSE
	EndGlobalSection
	GlobalSection(ExtensibilityGlobals) = postSolution
		SolutionGuid = {DC757621-832E-4399-95BB-5D8B32860307}
	EndGlobalSection
EndGlobal
